// !$*UTF8*$!
{
	archiveVersion = 1;
	classes = {
	};
	objectVersion = 50;
	objects = {

/* Begin PBXBuildFile section */
		54D2513F251CBB28005122E5 /* AppDelegate.swift in Sources */ = {isa = PBXBuildFile; fileRef = 54D2513E251CBB28005122E5 /* AppDelegate.swift */; };
		54D25141251CBB28005122E5 /* SceneDelegate.swift in Sources */ = {isa = PBXBuildFile; fileRef = 54D25140251CBB28005122E5 /* SceneDelegate.swift */; };
		54D25143251CBB28005122E5 /* ViewController.swift in Sources */ = {isa = PBXBuildFile; fileRef = 54D25142251CBB28005122E5 /* ViewController.swift */; };
		54D25146251CBB28005122E5 /* Main.storyboard in Resources */ = {isa = PBXBuildFile; fileRef = 54D25144251CBB28005122E5 /* Main.storyboard */; };
		54D25148251CBB2A005122E5 /* Assets.xcassets in Resources */ = {isa = PBXBuildFile; fileRef = 54D25147251CBB2A005122E5 /* Assets.xcassets */; };
		54D2514B251CBB2A005122E5 /* LaunchScreen.storyboard in Resources */ = {isa = PBXBuildFile; fileRef = 54D25149251CBB2A005122E5 /* LaunchScreen.storyboard */; };
		54D25156251CBB2A005122E5 /* GitTestTests.swift in Sources */ = {isa = PBXBuildFile; fileRef = 54D25155251CBB2A005122E5 /* GitTestTests.swift */; };
		54D25161251CBB2A005122E5 /* GitTestUITests.swift in Sources */ = {isa = PBXBuildFile; fileRef = 54D25160251CBB2A005122E5 /* GitTestUITests.swift */; };
/* End PBXBuildFile section */

/* Begin PBXContainerItemProxy section */
		54D25152251CBB2A005122E5 /* PBXContainerItemProxy */ = {
			isa = PBXContainerItemProxy;
			containerPortal = 54D25133251CBB28005122E5 /* Project object */;
			proxyType = 1;
			remoteGlobalIDString = 54D2513A251CBB28005122E5;
			remoteInfo = GitTest;
		};
		54D2515D251CBB2A005122E5 /* PBXContainerItemProxy */ = {
			isa = PBXContainerItemProxy;
			containerPortal = 54D25133251CBB28005122E5 /* Project object */;
			proxyType = 1;
			remoteGlobalIDString = 54D2513A251CBB28005122E5;
			remoteInfo = GitTest;
		};
/* End PBXContainerItemProxy section */

/* Begin PBXFileReference section */
		54D2513B251CBB28005122E5 /* GitTest.app */ = {isa = PBXFileReference; explicitFileType = wrapper.application; includeInIndex = 0; path = GitTest.app; sourceTree = BUILT_PRODUCTS_DIR; };
		54D2513E251CBB28005122E5 /* AppDelegate.swift */ = {isa = PBXFileReference; lastKnownFileType = sourcecode.swift; path = AppDelegate.swift; sourceTree = "<group>"; };
		54D25140251CBB28005122E5 /* SceneDelegate.swift */ = {isa = PBXFileReference; lastKnownFileType = sourcecode.swift; path = SceneDelegate.swift; sourceTree = "<group>"; };
		54D25142251CBB28005122E5 /* ViewController.swift */ = {isa = PBXFileReference; lastKnownFileType = sourcecode.swift; path = ViewController.swift; sourceTree = "<group>"; };
		54D25145251CBB28005122E5 /* Base */ = {isa = PBXFileReference; lastKnownFileType = file.storyboard; name = Base; path = Base.lproj/Main.storyboard; sourceTree = "<group>"; };
		54D25147251CBB2A005122E5 /* Assets.xcassets */ = {isa = PBXFileReference; lastKnownFileType = folder.assetcatalog; path = Assets.xcassets; sourceTree = "<group>"; };
		54D2514A251CBB2A005122E5 /* Base */ = {isa = PBXFileReference; lastKnownFileType = file.storyboard; name = Base; path = Base.lproj/LaunchScreen.storyboard; sourceTree = "<group>"; };
		54D2514C251CBB2A005122E5 /* Info.plist */ = {isa = PBXFileReference; lastKnownFileType = text.plist.xml; path = Info.plist; sourceTree = "<group>"; };
		54D25151251CBB2A005122E5 /* GitTestTests.xctest */ = {isa = PBXFileReference; explicitFileType = wrapper.cfbundle; includeInIndex = 0; path = GitTestTests.xctest; sourceTree = BUILT_PRODUCTS_DIR; };
		54D25155251CBB2A005122E5 /* GitTestTests.swift */ = {isa = PBXFileReference; lastKnownFileType = sourcecode.swift; path = GitTestTests.swift; sourceTree = "<group>"; };
		54D25157251CBB2A005122E5 /* Info.plist */ = {isa = PBXFileReference; lastKnownFileType = text.plist.xml; path = Info.plist; sourceTree = "<group>"; };
		54D2515C251CBB2A005122E5 /* GitTestUITests.xctest */ = {isa = PBXFileReference; explicitFileType = wrapper.cfbundle; includeInIndex = 0; path = GitTestUITests.xctest; sourceTree = BUILT_PRODUCTS_DIR; };
		54D25160251CBB2A005122E5 /* GitTestUITests.swift */ = {isa = PBXFileReference; lastKnownFileType = sourcecode.swift; path = GitTestUITests.swift; sourceTree = "<group>"; };
		54D25162251CBB2A005122E5 /* Info.plist */ = {isa = PBXFileReference; lastKnownFileType = text.plist.xml; path = Info.plist; sourceTree = "<group>"; };
/* End PBXFileReference section */

/* Begin PBXFrameworksBuildPhase section */
		54D25138251CBB28005122E5 /* Frameworks */ = {
			isa = PBXFrameworksBuildPhase;
			buildActionMask = 2147483647;
			files = (
			);
			runOnlyForDeploymentPostprocessing = 0;
		};
		54D2514E251CBB2A005122E5 /* Frameworks */ = {
			isa = PBXFrameworksBuildPhase;
			buildActionMask = 2147483647;
			files = (
			);
			runOnlyForDeploymentPostprocessing = 0;
		};
		54D25159251CBB2A005122E5 /* Frameworks */ = {
			isa = PBXFrameworksBuildPhase;
			buildActionMask = 2147483647;
			files = (
			);
			runOnlyForDeploymentPostprocessing = 0;
		};
/* End PBXFrameworksBuildPhase section */

/* Begin PBXGroup section */
		54D25132251CBB28005122E5 = {
			isa = PBXGroup;
			children = (
				54D2513D251CBB28005122E5 /* GitTest */,
				54D25154251CBB2A005122E5 /* GitTestTests */,
				54D2515F251CBB2A005122E5 /* GitTestUITests */,
				54D2513C251CBB28005122E5 /* Products */,
			);
			sourceTree = "<group>";
		};
		54D2513C251CBB28005122E5 /* Products */ = {
			isa = PBXGroup;
			children = (
				54D2513B251CBB28005122E5 /* GitTest.app */,
				54D25151251CBB2A005122E5 /* GitTestTests.xctest */,
				54D2515C251CBB2A005122E5 /* GitTestUITests.xctest */,
			);
			name = Products;
			sourceTree = "<group>";
		};
		54D2513D251CBB28005122E5 /* GitTest */ = {
			isa = PBXGroup;
			children = (
				54D2513E251CBB28005122E5 /* AppDelegate.swift */,
				54D25140251CBB28005122E5 /* SceneDelegate.swift */,
				54D25142251CBB28005122E5 /* ViewController.swift */,
				54D25144251CBB28005122E5 /* Main.storyboard */,
				54D25147251CBB2A005122E5 /* Assets.xcassets */,
				54D25149251CBB2A005122E5 /* LaunchScreen.storyboard */,
				54D2514C251CBB2A005122E5 /* Info.plist */,
			);
			path = GitTest;
			sourceTree = "<group>";
		};
		54D25154251CBB2A005122E5 /* GitTestTests */ = {
			isa = PBXGroup;
			children = (
				54D25155251CBB2A005122E5 /* GitTestTests.swift */,
				54D25157251CBB2A005122E5 /* Info.plist */,
			);
			path = GitTestTests;
			sourceTree = "<group>";
		};
		54D2515F251CBB2A005122E5 /* GitTestUITests */ = {
			isa = PBXGroup;
			children = (
				54D25160251CBB2A005122E5 /* GitTestUITests.swift */,
				54D25162251CBB2A005122E5 /* Info.plist */,
			);
			path = GitTestUITests;
			sourceTree = "<group>";
		};
/* End PBXGroup section */

/* Begin PBXNativeTarget section */
		54D2513A251CBB28005122E5 /* GitTest */ = {
			isa = PBXNativeTarget;
			buildConfigurationList = 54D25165251CBB2A005122E5 /* Build configuration list for PBXNativeTarget "GitTest" */;
			buildPhases = (
				54D25137251CBB28005122E5 /* Sources */,
				54D25138251CBB28005122E5 /* Frameworks */,
				54D25139251CBB28005122E5 /* Resources */,
			);
			buildRules = (
			);
			dependencies = (
			);
			name = GitTest;
			productName = GitTest;
			productReference = 54D2513B251CBB28005122E5 /* GitTest.app */;
			productType = "com.apple.product-type.application";
		};
		54D25150251CBB2A005122E5 /* GitTestTests */ = {
			isa = PBXNativeTarget;
			buildConfigurationList = 54D25168251CBB2A005122E5 /* Build configuration list for PBXNativeTarget "GitTestTests" */;
			buildPhases = (
				54D2514D251CBB2A005122E5 /* Sources */,
				54D2514E251CBB2A005122E5 /* Frameworks */,
				54D2514F251CBB2A005122E5 /* Resources */,
			);
			buildRules = (
			);
			dependencies = (
				54D25153251CBB2A005122E5 /* PBXTargetDependency */,
			);
			name = GitTestTests;
			productName = GitTestTests;
			productReference = 54D25151251CBB2A005122E5 /* GitTestTests.xctest */;
			productType = "com.apple.product-type.bundle.unit-test";
		};
		54D2515B251CBB2A005122E5 /* GitTestUITests */ = {
			isa = PBXNativeTarget;
			buildConfigurationList = 54D2516B251CBB2A005122E5 /* Build configuration list for PBXNativeTarget "GitTestUITests" */;
			buildPhases = (
				54D25158251CBB2A005122E5 /* Sources */,
				54D25159251CBB2A005122E5 /* Frameworks */,
				54D2515A251CBB2A005122E5 /* Resources */,
			);
			buildRules = (
			);
			dependencies = (
				54D2515E251CBB2A005122E5 /* PBXTargetDependency */,
			);
			name = GitTestUITests;
			productName = GitTestUITests;
			productReference = 54D2515C251CBB2A005122E5 /* GitTestUITests.xctest */;
			productType = "com.apple.product-type.bundle.ui-testing";
		};
/* End PBXNativeTarget section */

/* Begin PBXProject section */
		54D25133251CBB28005122E5 /* Project object */ = {
			isa = PBXProject;
			attributes = {
				LastSwiftUpdateCheck = 1200;
				LastUpgradeCheck = 1200;
				TargetAttributes = {
					54D2513A251CBB28005122E5 = {
						CreatedOnToolsVersion = 12.0;
					};
					54D25150251CBB2A005122E5 = {
						CreatedOnToolsVersion = 12.0;
						TestTargetID = 54D2513A251CBB28005122E5;
					};
					54D2515B251CBB2A005122E5 = {
						CreatedOnToolsVersion = 12.0;
						TestTargetID = 54D2513A251CBB28005122E5;
					};
				};
			};
			buildConfigurationList = 54D25136251CBB28005122E5 /* Build configuration list for PBXProject "GitTest" */;
			compatibilityVersion = "Xcode 9.3";
			developmentRegion = en;
			hasScannedForEncodings = 0;
			knownRegions = (
				en,
				Base,
			);
			mainGroup = 54D25132251CBB28005122E5;
			productRefGroup = 54D2513C251CBB28005122E5 /* Products */;
			projectDirPath = "";
			projectRoot = "";
			targets = (
				54D2513A251CBB28005122E5 /* GitTest */,
				54D25150251CBB2A005122E5 /* GitTestTests */,
				54D2515B251CBB2A005122E5 /* GitTestUITests */,
			);
		};
/* End PBXProject section */

/* Begin PBXResourcesBuildPhase section */
		54D25139251CBB28005122E5 /* Resources */ = {
			isa = PBXResourcesBuildPhase;
			buildActionMask = 2147483647;
			files = (
				54D2514B251CBB2A005122E5 /* LaunchScreen.storyboard in Resources */,
				54D25148251CBB2A005122E5 /* Assets.xcassets in Resources */,
				54D25146251CBB28005122E5 /* Main.storyboard in Resources */,
			);
			runOnlyForDeploymentPostprocessing = 0;
		};
		54D2514F251CBB2A005122E5 /* Resources */ = {
			isa = PBXResourcesBuildPhase;
			buildActionMask = 2147483647;
			files = (
			);
			runOnlyForDeploymentPostprocessing = 0;
		};
		54D2515A251CBB2A005122E5 /* Resources */ = {
			isa = PBXResourcesBuildPhase;
			buildActionMask = 2147483647;
			files = (
			);
			runOnlyForDeploymentPostprocessing = 0;
		};
/* End PBXResourcesBuildPhase section */

/* Begin PBXSourcesBuildPhase section */
		54D25137251CBB28005122E5 /* Sources */ = {
			isa = PBXSourcesBuildPhase;
			buildActionMask = 2147483647;
			files = (
				54D25143251CBB28005122E5 /* ViewController.swift in Sources */,
				54D2513F251CBB28005122E5 /* AppDelegate.swift in Sources */,
				54D25141251CBB28005122E5 /* SceneDelegate.swift in Sources */,
			);
			runOnlyForDeploymentPostprocessing = 0;
		};
		54D2514D251CBB2A005122E5 /* Sources */ = {
			isa = PBXSourcesBuildPhase;
			buildActionMask = 2147483647;
			files = (
				54D25156251CBB2A005122E5 /* GitTestTests.swift in Sources */,
			);
			runOnlyForDeploymentPostprocessing = 0;
		};
		54D25158251CBB2A005122E5 /* Sources */ = {
			isa = PBXSourcesBuildPhase;
			buildActionMask = 2147483647;
			files = (
				54D25161251CBB2A005122E5 /* GitTestUITests.swift in Sources */,
			);
			runOnlyForDeploymentPostprocessing = 0;
		};
/* End PBXSourcesBuildPhase section */

/* Begin PBXTargetDependency section */
		54D25153251CBB2A005122E5 /* PBXTargetDependency */ = {
			isa = PBXTargetDependency;
			target = 54D2513A251CBB28005122E5 /* GitTest */;
			targetProxy = 54D25152251CBB2A005122E5 /* PBXContainerItemProxy */;
		};
		54D2515E251CBB2A005122E5 /* PBXTargetDependency */ = {
			isa = PBXTargetDependency;
			target = 54D2513A251CBB28005122E5 /* GitTest */;
			targetProxy = 54D2515D251CBB2A005122E5 /* PBXContainerItemProxy */;
		};
/* End PBXTargetDependency section */

/* Begin PBXVariantGroup section */
		54D25144251CBB28005122E5 /* Main.storyboard */ = {
			isa = PBXVariantGroup;
			children = (
				54D25145251CBB28005122E5 /* Base */,
			);
			name = Main.storyboard;
			sourceTree = "<group>";
		};
		54D25149251CBB2A005122E5 /* LaunchScreen.storyboard */ = {
			isa = PBXVariantGroup;
			children = (
				54D2514A251CBB2A005122E5 /* Base */,
			);
			name = LaunchScreen.storyboard;
			sourceTree = "<group>";
		};
/* End PBXVariantGroup section */

/* Begin XCBuildConfiguration section */
		54D25163251CBB2A005122E5 /* Debug */ = {
			isa = XCBuildConfiguration;
			buildSettings = {
				ALWAYS_SEARCH_USER_PATHS = NO;
				CLANG_ANALYZER_NONNULL = YES;
				CLANG_ANALYZER_NUMBER_OBJECT_CONVERSION = YES_AGGRESSIVE;
				CLANG_CXX_LANGUAGE_STANDARD = "gnu++14";
				CLANG_CXX_LIBRARY = "libc++";
				CLANG_ENABLE_MODULES = YES;
				CLANG_ENABLE_OBJC_ARC = YES;
				CLANG_ENABLE_OBJC_WEAK = YES;
				CLANG_WARN_BLOCK_CAPTURE_AUTORELEASING = YES;
				CLANG_WARN_BOOL_CONVERSION = YES;
				CLANG_WARN_COMMA = YES;
				CLANG_WARN_CONSTANT_CONVERSION = YES;
				CLANG_WARN_DEPRECATED_OBJC_IMPLEMENTATIONS = YES;
				CLANG_WARN_DIRECT_OBJC_ISA_USAGE = YES_ERROR;
				CLANG_WARN_DOCUMENTATION_COMMENTS = YES;
				CLANG_WARN_EMPTY_BODY = YES;
				CLANG_WARN_ENUM_CONVERSION = YES;
				CLANG_WARN_INFINITE_RECURSION = YES;
				CLANG_WARN_INT_CONVERSION = YES;
				CLANG_WARN_NON_LITERAL_NULL_CONVERSION = YES;
				CLANG_WARN_OBJC_IMPLICIT_RETAIN_SELF = YES;
				CLANG_WARN_OBJC_LITERAL_CONVERSION = YES;
				CLANG_WARN_OBJC_ROOT_CLASS = YES_ERROR;
				CLANG_WARN_QUOTED_INCLUDE_IN_FRAMEWORK_HEADER = YES;
				CLANG_WARN_RANGE_LOOP_ANALYSIS = YES;
				CLANG_WARN_STRICT_PROTOTYPES = YES;
				CLANG_WARN_SUSPICIOUS_MOVE = YES;
				CLANG_WARN_UNGUARDED_AVAILABILITY = YES_AGGRESSIVE;
				CLANG_WARN_UNREACHABLE_CODE = YES;
				CLANG_WARN__DUPLICATE_METHOD_MATCH = YES;
				COPY_PHASE_STRIP = NO;
				DEBUG_INFORMATION_FORMAT = dwarf;
				ENABLE_STRICT_OBJC_MSGSEND = YES;
				ENABLE_TESTABILITY = YES;
				GCC_C_LANGUAGE_STANDARD = gnu11;
				GCC_DYNAMIC_NO_PIC = NO;
				GCC_NO_COMMON_BLOCKS = YES;
				GCC_OPTIMIZATION_LEVEL = 0;
				GCC_PREPROCESSOR_DEFINITIONS = (
					"DEBUG=1",
					"$(inherited)",
				);
				GCC_WARN_64_TO_32_BIT_CONVERSION = YES;
				GCC_WARN_ABOUT_RETURN_TYPE = YES_ERROR;
				GCC_WARN_UNDECLARED_SELECTOR = YES;
				GCC_WARN_UNINITIALIZED_AUTOS = YES_AGGRESSIVE;
				GCC_WARN_UNUSED_FUNCTION = YES;
				GCC_WARN_UNUSED_VARIABLE = YES;
				IPHONEOS_DEPLOYMENT_TARGET = 14.0;
				MTL_ENABLE_DEBUG_INFO = INCLUDE_SOURCE;
				MTL_FAST_MATH = YES;
				ONLY_ACTIVE_ARCH = YES;
				SDKROOT = iphoneos;
				SWIFT_ACTIVE_COMPILATION_CONDITIONS = DEBUG;
				SWIFT_OPTIMIZATION_LEVEL = "-Onone";
			};
			name = Debug;
		};
		54D25164251CBB2A005122E5 /* Release */ = {
			isa = XCBuildConfiguration;
			buildSettings = {
				ALWAYS_SEARCH_USER_PATHS = NO;
				CLANG_ANALYZER_NONNULL = YES;
				CLANG_ANALYZER_NUMBER_OBJECT_CONVERSION = YES_AGGRESSIVE;
				CLANG_CXX_LANGUAGE_STANDARD = "gnu++14";
				CLANG_CXX_LIBRARY = "libc++";
				CLANG_ENABLE_MODULES = YES;
				CLANG_ENABLE_OBJC_ARC = YES;
				CLANG_ENABLE_OBJC_WEAK = YES;
				CLANG_WARN_BLOCK_CAPTURE_AUTORELEASING = YES;
				CLANG_WARN_BOOL_CONVERSION = YES;
				CLANG_WARN_COMMA = YES;
				CLANG_WARN_CONSTANT_CONVERSION = YES;
				CLANG_WARN_DEPRECATED_OBJC_IMPLEMENTATIONS = YES;
				CLANG_WARN_DIRECT_OBJC_ISA_USAGE = YES_ERROR;
				CLANG_WARN_DOCUMENTATION_COMMENTS = YES;
				CLANG_WARN_EMPTY_BODY = YES;
				CLANG_WARN_ENUM_CONVERSION = YES;
				CLANG_WARN_INFINITE_RECURSION = YES;
				CLANG_WARN_INT_CONVERSION = YES;
				CLANG_WARN_NON_LITERAL_NULL_CONVERSION = YES;
				CLANG_WARN_OBJC_IMPLICIT_RETAIN_SELF = YES;
				CLANG_WARN_OBJC_LITERAL_CONVERSION = YES;
				CLANG_WARN_OBJC_ROOT_CLASS = YES_ERROR;
				CLANG_WARN_QUOTED_INCLUDE_IN_FRAMEWORK_HEADER = YES;
				CLANG_WARN_RANGE_LOOP_ANALYSIS = YES;
				CLANG_WARN_STRICT_PROTOTYPES = YES;
				CLANG_WARN_SUSPICIOUS_MOVE = YES;
				CLANG_WARN_UNGUARDED_AVAILABILITY = YES_AGGRESSIVE;
				CLANG_WARN_UNREACHABLE_CODE = YES;
				CLANG_WARN__DUPLICATE_METHOD_MATCH = YES;
				COPY_PHASE_STRIP = NO;
				DEBUG_INFORMATION_FORMAT = "dwarf-with-dsym";
				ENABLE_NS_ASSERTIONS = NO;
				ENABLE_STRICT_OBJC_MSGSEND = YES;
				GCC_C_LANGUAGE_STANDARD = gnu11;
				GCC_NO_COMMON_BLOCKS = YES;
				GCC_WARN_64_TO_32_BIT_CONVERSION = YES;
				GCC_WARN_ABOUT_RETURN_TYPE = YES_ERROR;
				GCC_WARN_UNDECLARED_SELECTOR = YES;
				GCC_WARN_UNINITIALIZED_AUTOS = YES_AGGRESSIVE;
				GCC_WARN_UNUSED_FUNCTION = YES;
				GCC_WARN_UNUSED_VARIABLE = YES;
				IPHONEOS_DEPLOYMENT_TARGET = 14.0;
				MTL_ENABLE_DEBUG_INFO = NO;
				MTL_FAST_MATH = YES;
				SDKROOT = iphoneos;
				SWIFT_COMPILATION_MODE = wholemodule;
				SWIFT_OPTIMIZATION_LEVEL = "-O";
				VALIDATE_PRODUCT = YES;
			};
			name = Release;
		};
		54D25166251CBB2A005122E5 /* Debug */ = {
			isa = XCBuildConfiguration;
			buildSettings = {
				ASSETCATALOG_COMPILER_APPICON_NAME = AppIcon;
				ASSETCATALOG_COMPILER_GLOBAL_ACCENT_COLOR_NAME = AccentColor;
				CODE_SIGN_STYLE = Automatic;
				DEVELOPMENT_TEAM = 9667A46C8L;
				INFOPLIST_FILE = GitTest/Info.plist;
				LD_RUNPATH_SEARCH_PATHS = (
					"$(inherited)",
					"@executable_path/Frameworks",
				);
				PRODUCT_BUNDLE_IDENTIFIER = com.howhyone.GitTest;
				PRODUCT_NAME = "$(TARGET_NAME)";
				SWIFT_VERSION = 5.0;
				TARGETED_DEVICE_FAMILY = "1,2";
			};
			name = Debug;
		};
		54D25167251CBB2A005122E5 /* Release */ = {
			isa = XCBuildConfiguration;
			buildSettings = {
				ASSETCATALOG_COMPILER_APPICON_NAME = AppIcon;
				ASSETCATALOG_COMPILER_GLOBAL_ACCENT_COLOR_NAME = AccentColor;
				CODE_SIGN_STYLE = Automatic;
				DEVELOPMENT_TEAM = 9667A46C8L;
				INFOPLIST_FILE = GitTest/Info.plist;
				LD_RUNPATH_SEARCH_PATHS = (
					"$(inherited)",
					"@executable_path/Frameworks",
				);
				PRODUCT_BUNDLE_IDENTIFIER = com.howhyone.GitTest;
				PRODUCT_NAME = "$(TARGET_NAME)";
				SWIFT_VERSION = 5.0;
				TARGETED_DEVICE_FAMILY = "1,2";
			};
			name = Release;
		};
		54D25169251CBB2A005122E5 /* Debug */ = {
			isa = XCBuildConfiguration;
			buildSettings = {
				ALWAYS_EMBED_SWIFT_STANDARD_LIBRARIES = YES;
				BUNDLE_LOADER = "$(TEST_HOST)";
				CODE_SIGN_STYLE = Automatic;
				DEVELOPMENT_TEAM = 9667A46C8L;
				INFOPLIST_FILE = GitTestTests/Info.plist;
				IPHONEOS_DEPLOYMENT_TARGET = 14.0;
				LD_RUNPATH_SEARCH_PATHS = (
					"$(inherited)",
					"@executable_path/Frameworks",
					"@loader_path/Frameworks",
				);
				PRODUCT_BUNDLE_IDENTIFIER = com.howhyone.GitTestTests;
				PRODUCT_NAME = "$(TARGET_NAME)";
				SWIFT_VERSION = 5.0;
				TARGETED_DEVICE_FAMILY = "1,2";
				TEST_HOST = "$(BUILT_PRODUCTS_DIR)/GitTest.app/GitTest";
			};
			name = Debug;
		};
		54D2516A251CBB2A005122E5 /* Release */ = {
			isa = XCBuildConfiguration;
			buildSettings = {
				ALWAYS_EMBED_SWIFT_STANDARD_LIBRARIES = YES;
				BUNDLE_LOADER = "$(TEST_HOST)";
				CODE_SIGN_STYLE = Automatic;
				DEVELOPMENT_TEAM = 9667A46C8L;
				INFOPLIST_FILE = GitTestTests/Info.plist;
				IPHONEOS_DEPLOYMENT_TARGET = 14.0;
				LD_RUNPATH_SEARCH_PATHS = (
					"$(inherited)",
					"@executable_path/Frameworks",
					"@loader_path/Frameworks",
				);
				PRODUCT_BUNDLE_IDENTIFIER = com.howhyone.GitTestTests;
				PRODUCT_NAME = "$(TARGET_NAME)";
				SWIFT_VERSION = 5.0;
				TARGETED_DEVICE_FAMILY = "1,2";
				TEST_HOST = "$(BUILT_PRODUCTS_DIR)/GitTest.app/GitTest";
			};
			name = Release;
		};
		54D2516C251CBB2A005122E5 /* Debug */ = {
			isa = XCBuildConfiguration;
			buildSettings = {
				ALWAYS_EMBED_SWIFT_STANDARD_LIBRARIES = YES;
				CODE_SIGN_STYLE = Automatic;
				DEVELOPMENT_TEAM = 9667A46C8L;
				INFOPLIST_FILE = GitTestUITests/Info.plist;
				LD_RUNPATH_SEARCH_PATHS = (
					"$(inherited)",
					"@executable_path/Frameworks",
					"@loader_path/Frameworks",
				);
				PRODUCT_BUNDLE_IDENTIFIER = com.howhyone.GitTestUITests;
				PRODUCT_NAME = "$(TARGET_NAME)";
				SWIFT_VERSION = 5.0;
				TARGETED_DEVICE_FAMILY = "1,2";
				TEST_TARGET_NAME = GitTest;
			};
			name = Debug;
		};
		54D2516D251CBB2A005122E5 /* Release */ = {
			isa = XCBuildConfiguration;
			buildSettings = {
				ALWAYS_EMBED_SWIFT_STANDARD_LIBRARIES = YES;
				CODE_SIGN_STYLE = Automatic;
				DEVELOPMENT_TEAM = 9667A46C8L;
				INFOPLIST_FILE = GitTestUITests/Info.plist;
				LD_RUNPATH_SEARCH_PATHS = (
					"$(inherited)",
					"@executable_path/Frameworks",
					"@loader_path/Frameworks",
				);
				PRODUCT_BUNDLE_IDENTIFIER = com.howhyone.GitTestUITests;
				PRODUCT_NAME = "$(TARGET_NAME)";
				SWIFT_VERSION = 5.0;
				TARGETED_DEVICE_FAMILY = "1,2";
				TEST_TARGET_NAME = GitTest;
			};
			name = Release;
		};
/* End XCBuildConfiguration section */

/* Begin XCConfigurationList section */
		54D25136251CBB28005122E5 /* Build configuration list for PBXProject "GitTest" */ = {
			isa = XCConfigurationList;
			buildConfigurations = (
				54D25163251CBB2A005122E5 /* Debug */,
				54D25164251CBB2A005122E5 /* Release */,
			);
			defaultConfigurationIsVisible = 0;
			defaultConfigurationName = Release;
		};
		54D25165251CBB2A005122E5 /* Build configuration list for PBXNativeTarget "GitTest" */ = {
			isa = XCConfigurationList;
			buildConfigurations = (
				54D25166251CBB2A005122E5 /* Debug */,
				54D25167251CBB2A005122E5 /* Release */,
			);
			defaultConfigurationIsVisible = 0;
			defaultConfigurationName = Release;
		};
		54D25168251CBB2A005122E5 /* Build configuration list for PBXNativeTarget "GitTestTests" */ = {
			isa = XCConfigurationList;
			buildConfigurations = (
				54D25169251CBB2A005122E5 /* Debug */,
				54D2516A251CBB2A005122E5 /* Release */,
			);
			defaultConfigurationIsVisible = 0;
			defaultConfigurationName = Release;
		};
		54D2516B251CBB2A005122E5 /* Build configuration list for PBXNativeTarget "GitTestUITests" */ = {
			isa = XCConfigurationList;
			buildConfigurations = (
				54D2516C251CBB2A005122E5 /* Debug */,
				54D2516D251CBB2A005122E5 /* Release */,
			);
			defaultConfigurationIsVisible = 0;
			defaultConfigurationName = Release;
		};
/* End XCConfigurationList section */
	};
	rootObject = 54D25133251CBB28005122E5 /* Project object */;
}
